
Microsoft Visual Studio Solution File, Format Version 12.00
# Visual Studio Version 17
VisualStudioVersion = 17.9.34616.47
MinimumVisualStudioVersion = 10.0.40219.1
Project("{9A19103F-16F7-4668-BE54-9A1E7A4F7556}") = "CalamityInheritance", "CalamityInheritance.csproj", "{356AC74C-25D8-4E93-92DC-F652848F1E7D}"
EndProject
Global
	GlobalSection(SolutionConfigurationPlatforms) = preSolution
		Debug|Any CPU = Debug|Any CPU
		Release|Any CPU = Release|Any CPU
	EndGlobalSection
	GlobalSection(ProjectConfigurationPlatforms) = postSolution
		{356AC74C-25D8-4E93-92DC-F652848F1E7D}.Debug|Any CPU.ActiveCfg = Release|Any CPU
		{356AC74C-25D8-4E93-92DC-F652848F1E7D}.Debug|Any CPU.Build.0 = Release|Any CPU
		{356AC74C-25D8-4E93-92DC-F652848F1E7D}.Release|Any CPU.ActiveCfg = Release|Any CPU
		{356AC74C-25D8-4E93-92DC-F652848F1E7D}.Release|Any CPU.Build.0 = Release|Any CPU
	EndGlobalSection
	GlobalSection(SolutionProperties) = preSolution
		HideSolutionNode = FALSE
	EndGlobalSection
	GlobalSection(ExtensibilityGlobals) = postSolution
		SolutionGuid = {E51A8703-4718-40B0-9049-274BFAD849AA}
	EndGlobalSection
EndGlobal
